
Microsoft Visual Studio Solution File, Format Version 12.00
# Visual Studio Version 16
VisualStudioVersion = 16.0.30717.126
MinimumVisualStudioVersion = 10.0.40219.1
Project("{FAE04EC0-301F-11D3-BF4B-00C04F79EFBC}") = "SANTEGSMS", "SANTEGSMS\SANTEGSMS.csproj", "{402AF775-06D5-4F60-AC33-2DC06DE529DE}"
EndProject
Global
	GlobalSection(SolutionConfigurationPlatforms) = preSolution
		Debug|Any CPU = Debug|Any CPU
		Release|Any CPU = Release|Any CPU
	EndGlobalSection
	GlobalSection(ProjectConfigurationPlatforms) = postSolution
		{402AF775-06D5-4F60-AC33-2DC06DE529DE}.Debug|Any CPU.ActiveCfg = Debug|Any CPU
		{402AF775-06D5-4F60-AC33-2DC06DE529DE}.Debug|Any CPU.Build.0 = Debug|Any CPU
		{402AF775-06D5-4F60-AC33-2DC06DE529DE}.Release|Any CPU.ActiveCfg = Release|Any CPU
		{402AF775-06D5-4F60-AC33-2DC06DE529DE}.Release|Any CPU.Build.0 = Release|Any CPU
	EndGlobalSection
	GlobalSection(SolutionProperties) = preSolution
		HideSolutionNode = FALSE
	EndGlobalSection
	GlobalSection(ExtensibilityGlobals) = postSolution
		SolutionGuid = {BC24F9AA-0ED7-4FBD-926B-5AD00EA06058}
	EndGlobalSection
EndGlobal
